github.com/cdvelop/strings v0.0.9 h1:yDh2msl3EQja0dHw+oOHfD9ymQMa50KakKTkjsXDnvw=
github.com/cdvelop/strings v0.0.9/go.mod h1:zNexDeXHRETbMmlmNThQeM7ksRsvzrphsCfwuSxaURk=
github.com/cdvelop/timetools v0.0.33 h1:GsoybW9u3hHeSp7rs9j6+h0at4m5Yf7uT02TWyIcTtM=
github.com/cdvelop/timetools v0.0.33/go.mod h1:Uyl0BG3cb39AWz6rapTylUxUb/hLwFU2MJIyNqgU++4=
